version: 2.0
shards:
  ameba:
    git: https://github.com/crystal-ameba/ameba.git
    version: 1.6.4

  backtracer:
    git: https://github.com/sija/backtracer.cr.git
    version: 1.2.4

  db:
    git: https://github.com/crystal-lang/crystal-db.git
    version: 0.13.1

  dirless-http:
    git: https://github.com/dirless/dirless-http.git
    version: 0.1.0+git.commit.0af3bd572b1f184aeef9e003a4bc97339577901e

  exception_page:
    git: https://github.com/crystal-loot/exception_page.git
    version: 0.5.0

  granite:
    git: https://github.com/amberframework/granite.git
    version: 0.23.4

  grip:
    git: https://github.com/grip-framework/grip.git
    version: 4.1.0

  radix:
    git: https://github.com/luislavena/radix.git
    version: 0.4.1

  toml:
    git: https://github.com/crystal-community/toml.cr.git
    version: 0.8.1

  trash-panda-db:
    git: https://github.com/dirless/trash-panda-db.git
    version: 0.8.7

